
Microsoft Visual Studio Solution File, Format Version 12.00
# Visual Studio 2013
VisualStudioVersion = 12.0.30501.0
MinimumVisualStudioVersion = 10.0.40219.1
Project("{FAE04EC0-301F-11D3-BF4B-00C04F79EFBC}") = "BooksAngularWithApi", "BooksAngularWithApi\BooksAngularWithApi.csproj", "{233A2B95-D637-4B06-82B3-F0228DAE2F69}"
EndProject
Project("{FAE04EC0-301F-11D3-BF4B-00C04F79EFBC}") = "BooksAngularWeb", "BooksAngularWeb\BooksAngularWeb.csproj", "{DAF989CA-A05D-4BF1-9680-2E4874D8EC43}"
EndProject
Project("{2150E333-8FDC-42A3-9474-1A3956D46DE8}") = "Solution Items", "Solution Items", "{063DF505-B07C-442C-B8EB-D24801CB94A9}"
EndProject
Global
	GlobalSection(SolutionConfigurationPlatforms) = preSolution
		Debug|Any CPU = Debug|Any CPU
		Release|Any CPU = Release|Any CPU
	EndGlobalSection
	GlobalSection(ProjectConfigurationPlatforms) = postSolution
		{233A2B95-D637-4B06-82B3-F0228DAE2F69}.Debug|Any CPU.ActiveCfg = Debug|Any CPU
		{233A2B95-D637-4B06-82B3-F0228DAE2F69}.Debug|Any CPU.Build.0 = Debug|Any CPU
		{233A2B95-D637-4B06-82B3-F0228DAE2F69}.Release|Any CPU.ActiveCfg = Release|Any CPU
		{233A2B95-D637-4B06-82B3-F0228DAE2F69}.Release|Any CPU.Build.0 = Release|Any CPU
		{DAF989CA-A05D-4BF1-9680-2E4874D8EC43}.Debug|Any CPU.ActiveCfg = Debug|Any CPU
		{DAF989CA-A05D-4BF1-9680-2E4874D8EC43}.Debug|Any CPU.Build.0 = Debug|Any CPU
		{DAF989CA-A05D-4BF1-9680-2E4874D8EC43}.Release|Any CPU.ActiveCfg = Release|Any CPU
		{DAF989CA-A05D-4BF1-9680-2E4874D8EC43}.Release|Any CPU.Build.0 = Release|Any CPU
	EndGlobalSection
	GlobalSection(SolutionProperties) = preSolution
		HideSolutionNode = FALSE
	EndGlobalSection
EndGlobal
